{
    "_meta": {
        "hash": {
            "sha256": "7041a1061cb0bf370d2e2bf2dd10faab37730ff9ca0c4d8dcd33158969568cf4"
        },
        "pipfile-spec": 6,
        "requires": {},
        "sources": [
            {
                "name": "pypi",
                "url": "https://pypi.org/simple",
                "verify_ssl": true
            }
        ]
    },
    "default": {
        "npyscreen": {
            "git": "git://github.com/jwoglom/npyscreen",
            "ref": "d01ce55df23ff1596ff874f20b85a1270f42b015"
        },
        "pydbus": {
            "hashes": [
                "sha256:4207162eff54223822c185da06c1ba8a34137a9602f3da5a528eedf3f78d0f2c",
                "sha256:66b80106352a718d80d6c681dc2a82588048e30b75aab933e4020eb0660bf85e"
            ],
            "index": "pypi",
            "version": "==0.6.0"
        },
        "pyqrcode": {
            "hashes": [
                "sha256:1b2812775fa6ff5c527977c4cd2ccb07051ca7d0bc0aecf937a43864abe5eff6",
                "sha256:fdbf7634733e56b72e27f9bce46e4550b75a3a2c420414035cae9d9d26b234d5"
            ],
            "index": "pypi",
            "version": "==1.2.1"
        },
        "ruamel.yaml": {
            "hashes": [
                "sha256:4c1dbad22790b5ea8587c2a0cae97ebc7a9d0d88de5d0edb70dea2eab7d8534a",
                "sha256:eb4b1ffd095785c50f110118cb6f7bb9cd011ecc013b014436d38b7f8fb7afa9"
            ],
            "version": "==0.16.0"
        },
        "ruamel.yaml.clib": {
            "hashes": [
                "sha256:32c37bdc7ee5fbc5e794b497b98f98ecc12e1f1541cdd3bbd65f8ec32e0270d2",
                "sha256:385b70734435d2f66f00823d4e224c1a4b53dfeaf9ded3a655a6a2f9c229b1f6",
                "sha256:4040ddea350698138e341395508b8dd7610b2312177cb41c8db2b6260adee348",
                "sha256:4dc088e55e0cc3f8c18652e830e3ecff159425f01327de4d94e5ce473fdcd2f8",
                "sha256:53768934bc28ce07ca82c02d9db6717ae9bad4cdf9511d3a3e6d1b576235d04e",
                "sha256:53fd2ef53be8301707662f4c353731d97a4cb2b372972b7dcd73ef245dbab9e9",
                "sha256:5712728e6ba56d3b93f5f99a175760c778420caae714687592548c4f7699782e",
                "sha256:66df3233e5cca3528be2a700f2a54e26262dde6d5e22b34953e7f44785857c8c",
                "sha256:750a15f07178d91204ce4baffb16697cef4c8f583495d4f0fec52902dad8e7fc",
                "sha256:820ec13201ed5c015dc74ea7087b2c5c56b8aeb51af4b7d7c859e0b45c07f035",
                "sha256:8dcab8a09c17a030d046749eb97ed9a81e02bb642d7816e8757fc5a3016af89d",
                "sha256:9e1acd628f2bf601fd4df69523476ee4640be8ba7d9aff8f04cd66a1ae07f119",
                "sha256:b31bc078c9bac3dbb5855e94eb382aeef23076bf3d1a2d02ee8d91c55567cb08",
                "sha256:b7a681e2d6dbd147ec9808cb1a736c1ef96bc2c693f54e0fc01fe0d10409bd88",
                "sha256:c1333e8911c29c6e209db117345141d5fcb772464d62cac3e117912a965d9619",
                "sha256:d583e7b9646418dff5ee0e36875b3cabc3d0fb925dfdeec239697c583388f9b2",
                "sha256:da610ff9feeb075641128ce40881d2ac3c8e57e7ea04636169b0c3b5e8f711f7",
                "sha256:e9b6ebb62806817b01e9eea9fc7da57c12557e44e94e79f5fa82eca4bc7fad60",
                "sha256:f36035f1c0b6a7a20010e98b582d38272514a77f34cd45ec0d2847abaa89ac78"
            ],
            "markers": "platform_python_implementation == 'CPython' and python_version < '3.8'",
            "version": "==0.1.0"
        },
        "vext": {
            "hashes": [
                "sha256:57f1926740e1a4a7287122386f176dc70f50941ce7d7fa0aa2a5c6ec8ba2dbd8"
            ],
            "index": "pypi",
            "version": "==0.7.3"
        },
        "vext.gi": {
            "hashes": [
                "sha256:ec9fab2e736b4466c08460c063ea362782e9a0f63544faa9d5681308dc74bb3d"
            ],
            "index": "pypi",
            "version": "==0.7.0"
        }
    },
    "develop": {}
}
